
Microsoft Visual Studio Solution File, Format Version 12.00
# Visual Studio 2012
Project("{FAE04EC0-301F-11D3-BF4B-00C04F79EFBC}") = "AppChekBox2", "AppChekBox2\AppChekBox2.csproj", "{B593659A-34B9-4564-B880-4B071842261E}"
EndProject
Global
	GlobalSection(SolutionConfigurationPlatforms) = preSolution
		Debug|Any CPU = Debug|Any CPU
		Release|Any CPU = Release|Any CPU
	EndGlobalSection
	GlobalSection(ProjectConfigurationPlatforms) = postSolution
		{B593659A-34B9-4564-B880-4B071842261E}.Debug|Any CPU.ActiveCfg = Debug|Any CPU
		{B593659A-34B9-4564-B880-4B071842261E}.Debug|Any CPU.Build.0 = Debug|Any CPU
		{B593659A-34B9-4564-B880-4B071842261E}.Release|Any CPU.ActiveCfg = Release|Any CPU
		{B593659A-34B9-4564-B880-4B071842261E}.Release|Any CPU.Build.0 = Release|Any CPU
	EndGlobalSection
	GlobalSection(SolutionProperties) = preSolution
		HideSolutionNode = FALSE
	EndGlobalSection
EndGlobal
